
Microsoft Visual Studio Solution File, Format Version 12.00
# Visual Studio Version 17
VisualStudioVersion = 17.9.34728.123
MinimumVisualStudioVersion = 10.0.40219.1
Project("{FAE04EC0-301F-11D3-BF4B-00C04F79EFBC}") = "SnakeGame", "SnakeGame.csproj", "{EC8E506B-ACC7-43C6-89C2-DC493A2A8FBA}"
EndProject
Global
	GlobalSection(SolutionConfigurationPlatforms) = preSolution
		Debug|Any CPU = Debug|Any CPU
		Release|Any CPU = Release|Any CPU
	EndGlobalSection
	GlobalSection(ProjectConfigurationPlatforms) = postSolution
		{EC8E506B-ACC7-43C6-89C2-DC493A2A8FBA}.Debug|Any CPU.ActiveCfg = Debug|Any CPU
		{EC8E506B-ACC7-43C6-89C2-DC493A2A8FBA}.Debug|Any CPU.Build.0 = Debug|Any CPU
		{EC8E506B-ACC7-43C6-89C2-DC493A2A8FBA}.Release|Any CPU.ActiveCfg = Release|Any CPU
		{EC8E506B-ACC7-43C6-89C2-DC493A2A8FBA}.Release|Any CPU.Build.0 = Release|Any CPU
	EndGlobalSection
	GlobalSection(SolutionProperties) = preSolution
		HideSolutionNode = FALSE
	EndGlobalSection
	GlobalSection(ExtensibilityGlobals) = postSolution
		SolutionGuid = {9EDA0CDE-20A6-4E4D-BB27-FD0E144CE085}
	EndGlobalSection
EndGlobal
